// !$*UTF8*$!
{
	archiveVersion = 1;
	classes = {
	};
	objectVersion = 50;
	objects = {

/* Begin PBXBuildFile section */
		C69EACD6F3CA9E92DD554BDE /* Pods_EndTermTask.framework in Frameworks */ = {isa = PBXBuildFile; fileRef = E787FE854F87E3E09A88E1B9 /* Pods_EndTermTask.framework */; };
		DA2EBEDB2582691100D207EE /* AppDelegate.swift in Sources */ = {isa = PBXBuildFile; fileRef = DA2EBEDA2582691100D207EE /* AppDelegate.swift */; };
		DA2EBEDD2582691100D207EE /* SceneDelegate.swift in Sources */ = {isa = PBXBuildFile; fileRef = DA2EBEDC2582691100D207EE /* SceneDelegate.swift */; };
		DA2EBEDF2582691100D207EE /* ViewController.swift in Sources */ = {isa = PBXBuildFile; fileRef = DA2EBEDE2582691100D207EE /* ViewController.swift */; };
		DA2EBEE22582691100D207EE /* Main.storyboard in Resources */ = {isa = PBXBuildFile; fileRef = DA2EBEE02582691100D207EE /* Main.storyboard */; };
		DA2EBEE42582691400D207EE /* Assets.xcassets in Resources */ = {isa = PBXBuildFile; fileRef = DA2EBEE32582691400D207EE /* Assets.xcassets */; };
		DA2EBEE72582691400D207EE /* LaunchScreen.storyboard in Resources */ = {isa = PBXBuildFile; fileRef = DA2EBEE52582691400D207EE /* LaunchScreen.storyboard */; };
/* End PBXBuildFile section */

/* Begin PBXFileReference section */
		06F911193A313A73A8A50003 /* Pods-EndTermTask.debug.xcconfig */ = {isa = PBXFileReference; includeInIndex = 1; lastKnownFileType = text.xcconfig; name = "Pods-EndTermTask.debug.xcconfig"; path = "Target Support Files/Pods-EndTermTask/Pods-EndTermTask.debug.xcconfig"; sourceTree = "<group>"; };
		4EF9A359205D1FE0F2713D7C /* Pods-EndTermTask.release.xcconfig */ = {isa = PBXFileReference; includeInIndex = 1; lastKnownFileType = text.xcconfig; name = "Pods-EndTermTask.release.xcconfig"; path = "Target Support Files/Pods-EndTermTask/Pods-EndTermTask.release.xcconfig"; sourceTree = "<group>"; };
		DA2EBED72582691100D207EE /* EndTermTask.app */ = {isa = PBXFileReference; explicitFileType = wrapper.application; includeInIndex = 0; path = EndTermTask.app; sourceTree = BUILT_PRODUCTS_DIR; };
		DA2EBEDA2582691100D207EE /* AppDelegate.swift */ = {isa = PBXFileReference; lastKnownFileType = sourcecode.swift; path = AppDelegate.swift; sourceTree = "<group>"; };
		DA2EBEDC2582691100D207EE /* SceneDelegate.swift */ = {isa = PBXFileReference; lastKnownFileType = sourcecode.swift; path = SceneDelegate.swift; sourceTree = "<group>"; };
		DA2EBEDE2582691100D207EE /* ViewController.swift */ = {isa = PBXFileReference; lastKnownFileType = sourcecode.swift; path = ViewController.swift; sourceTree = "<group>"; };
		DA2EBEE12582691100D207EE /* Base */ = {isa = PBXFileReference; lastKnownFileType = file.storyboard; name = Base; path = Base.lproj/Main.storyboard; sourceTree = "<group>"; };
		DA2EBEE32582691400D207EE /* Assets.xcassets */ = {isa = PBXFileReference; lastKnownFileType = folder.assetcatalog; path = Assets.xcassets; sourceTree = "<group>"; };
		DA2EBEE62582691400D207EE /* Base */ = {isa = PBXFileReference; lastKnownFileType = file.storyboard; name = Base; path = Base.lproj/LaunchScreen.storyboard; sourceTree = "<group>"; };
		DA2EBEE82582691400D207EE /* Info.plist */ = {isa = PBXFileReference; lastKnownFileType = text.plist.xml; path = Info.plist; sourceTree = "<group>"; };
		E787FE854F87E3E09A88E1B9 /* Pods_EndTermTask.framework */ = {isa = PBXFileReference; explicitFileType = wrapper.framework; includeInIndex = 0; path = Pods_EndTermTask.framework; sourceTree = BUILT_PRODUCTS_DIR; };
/* End PBXFileReference section */

/* Begin PBXFrameworksBuildPhase section */
		DA2EBED42582691100D207EE /* Frameworks */ = {
			isa = PBXFrameworksBuildPhase;
			buildActionMask = 2147483647;
			files = (
				C69EACD6F3CA9E92DD554BDE /* Pods_EndTermTask.framework in Frameworks */,
			);
			runOnlyForDeploymentPostprocessing = 0;
		};
/* End PBXFrameworksBuildPhase section */

/* Begin PBXGroup section */
		598EDB9D7ADAFBBDAF5FABF8 /* Pods */ = {
			isa = PBXGroup;
			children = (
				06F911193A313A73A8A50003 /* Pods-EndTermTask.debug.xcconfig */,
				4EF9A359205D1FE0F2713D7C /* Pods-EndTermTask.release.xcconfig */,
			);
			name = Pods;
			path = Pods;
			sourceTree = "<group>";
		};
		DA2EBECE2582691000D207EE = {
			isa = PBXGroup;
			children = (
				DA2EBED92582691100D207EE /* EndTermTask */,
				DA2EBED82582691100D207EE /* Products */,
				598EDB9D7ADAFBBDAF5FABF8 /* Pods */,
				E14B46148785C9874D5B3C8C /* Frameworks */,
			);
			sourceTree = "<group>";
		};
		DA2EBED82582691100D207EE /* Products */ = {
			isa = PBXGroup;
			children = (
				DA2EBED72582691100D207EE /* EndTermTask.app */,
			);
			name = Products;
			sourceTree = "<group>";
		};
		DA2EBED92582691100D207EE /* EndTermTask */ = {
			isa = PBXGroup;
			children = (
				DA2EBEDA2582691100D207EE /* AppDelegate.swift */,
				DA2EBEDC2582691100D207EE /* SceneDelegate.swift */,
				DA2EBEDE2582691100D207EE /* ViewController.swift */,
				DA2EBEE02582691100D207EE /* Main.storyboard */,
				DA2EBEE32582691400D207EE /* Assets.xcassets */,
				DA2EBEE52582691400D207EE /* LaunchScreen.storyboard */,
				DA2EBEE82582691400D207EE /* Info.plist */,
			);
			path = EndTermTask;
			sourceTree = "<group>";
		};
		E14B46148785C9874D5B3C8C /* Frameworks */ = {
			isa = PBXGroup;
			children = (
				E787FE854F87E3E09A88E1B9 /* Pods_EndTermTask.framework */,
			);
			name = Frameworks;
			sourceTree = "<group>";
		};
/* End PBXGroup section */

/* Begin PBXNativeTarget section */
		DA2EBED62582691100D207EE /* EndTermTask */ = {
			isa = PBXNativeTarget;
			buildConfigurationList = DA2EBEEB2582691400D207EE /* Build configuration list for PBXNativeTarget "EndTermTask" */;
			buildPhases = (
				F3DB657F8E9C8D6877EBDF51 /* [CP] Check Pods Manifest.lock */,
				DA2EBED32582691100D207EE /* Sources */,
				DA2EBED42582691100D207EE /* Frameworks */,
				DA2EBED52582691100D207EE /* Resources */,
				1625A5F1B2A8D176C24837B1 /* [CP] Embed Pods Frameworks */,
			);
			buildRules = (
			);
			dependencies = (
			);
			name = EndTermTask;
			productName = EndTermTask;
			productReference = DA2EBED72582691100D207EE /* EndTermTask.app */;
			productType = "com.apple.product-type.application";
		};
/* End PBXNativeTarget section */

/* Begin PBXProject section */
		DA2EBECF2582691000D207EE /* Project object */ = {
			isa = PBXProject;
			attributes = {
				LastSwiftUpdateCheck = 1170;
				LastUpgradeCheck = 1170;
				ORGANIZATIONNAME = "Macbook Pro 2020";
				TargetAttributes = {
					DA2EBED62582691100D207EE = {
						CreatedOnToolsVersion = 11.7;
					};
				};
			};
			buildConfigurationList = DA2EBED22582691000D207EE /* Build configuration list for PBXProject "EndTermTask" */;
			compatibilityVersion = "Xcode 9.3";
			developmentRegion = en;
			hasScannedForEncodings = 0;
			knownRegions = (
				en,
				Base,
			);
			mainGroup = DA2EBECE2582691000D207EE;
			productRefGroup = DA2EBED82582691100D207EE /* Products */;
			projectDirPath = "";
			projectRoot = "";
			targets = (
				DA2EBED62582691100D207EE /* EndTermTask */,
			);
		};
/* End PBXProject section */

/* Begin PBXResourcesBuildPhase section */
		DA2EBED52582691100D207EE /* Resources */ = {
			isa = PBXResourcesBuildPhase;
			buildActionMask = 2147483647;
			files = (
				DA2EBEE72582691400D207EE /* LaunchScreen.storyboard in Resources */,
				DA2EBEE42582691400D207EE /* Assets.xcassets in Resources */,
				DA2EBEE22582691100D207EE /* Main.storyboard in Resources */,
			);
			runOnlyForDeploymentPostprocessing = 0;
		};
/* End PBXResourcesBuildPhase section */

/* Begin PBXShellScriptBuildPhase section */
		1625A5F1B2A8D176C24837B1 /* [CP] Embed Pods Frameworks */ = {
			isa = PBXShellScriptBuildPhase;
			buildActionMask = 2147483647;
			files = (
			);
			inputFileListPaths = (
				"${PODS_ROOT}/Target Support Files/Pods-EndTermTask/Pods-EndTermTask-frameworks-${CONFIGURATION}-input-files.xcfilelist",
			);
			name = "[CP] Embed Pods Frameworks";
			outputFileListPaths = (
				"${PODS_ROOT}/Target Support Files/Pods-EndTermTask/Pods-EndTermTask-frameworks-${CONFIGURATION}-output-files.xcfilelist",
			);
			runOnlyForDeploymentPostprocessing = 0;
			shellPath = /bin/sh;
			shellScript = "\"${PODS_ROOT}/Target Support Files/Pods-EndTermTask/Pods-EndTermTask-frameworks.sh\"\n";
			showEnvVarsInLog = 0;
		};
		F3DB657F8E9C8D6877EBDF51 /* [CP] Check Pods Manifest.lock */ = {
			isa = PBXShellScriptBuildPhase;
			buildActionMask = 2147483647;
			files = (
			);
			inputFileListPaths = (
			);
			inputPaths = (
				"${PODS_PODFILE_DIR_PATH}/Podfile.lock",
				"${PODS_ROOT}/Manifest.lock",
			);
			name = "[CP] Check Pods Manifest.lock";
			outputFileListPaths = (
			);
			outputPaths = (
				"$(DERIVED_FILE_DIR)/Pods-EndTermTask-checkManifestLockResult.txt",
			);
			runOnlyForDeploymentPostprocessing = 0;
			shellPath = /bin/sh;
			shellScript = "diff \"${PODS_PODFILE_DIR_PATH}/Podfile.lock\" \"${PODS_ROOT}/Manifest.lock\" > /dev/null\nif [ $? != 0 ] ; then\n    # print error to STDERR\n    echo \"error: The sandbox is not in sync with the Podfile.lock. Run 'pod install' or update your CocoaPods installation.\" >&2\n    exit 1\nfi\n# This output is used by Xcode 'outputs' to avoid re-running this script phase.\necho \"SUCCESS\" > \"${SCRIPT_OUTPUT_FILE_0}\"\n";
			showEnvVarsInLog = 0;
		};
/* End PBXShellScriptBuildPhase section */

/* Begin PBXSourcesBuildPhase section */
		DA2EBED32582691100D207EE /* Sources */ = {
			isa = PBXSourcesBuildPhase;
			buildActionMask = 2147483647;
			files = (
				DA2EBEDF2582691100D207EE /* ViewController.swift in Sources */,
				DA2EBEDB2582691100D207EE /* AppDelegate.swift in Sources */,
				DA2EBEDD2582691100D207EE /* SceneDelegate.swift in Sources */,
			);
			runOnlyForDeploymentPostprocessing = 0;
		};
/* End PBXSourcesBuildPhase section */

/* Begin PBXVariantGroup section */
		DA2EBEE02582691100D207EE /* Main.storyboard */ = {
			isa = PBXVariantGroup;
			children = (
				DA2EBEE12582691100D207EE /* Base */,
			);
			name = Main.storyboard;
			sourceTree = "<group>";
		};
		DA2EBEE52582691400D207EE /* LaunchScreen.storyboard */ = {
			isa = PBXVariantGroup;
			children = (
				DA2EBEE62582691400D207EE /* Base */,
			);
			name = LaunchScreen.storyboard;
			sourceTree = "<group>";
		};
/* End PBXVariantGroup section */

/* Begin XCBuildConfiguration section */
		DA2EBEE92582691400D207EE /* Debug */ = {
			isa = XCBuildConfiguration;
			buildSettings = {
				ALWAYS_SEARCH_USER_PATHS = NO;
				CLANG_ANALYZER_NONNULL = YES;
				CLANG_ANALYZER_NUMBER_OBJECT_CONVERSION = YES_AGGRESSIVE;
				CLANG_CXX_LANGUAGE_STANDARD = "gnu++14";
				CLANG_CXX_LIBRARY = "libc++";
				CLANG_ENABLE_MODULES = YES;
				CLANG_ENABLE_OBJC_ARC = YES;
				CLANG_ENABLE_OBJC_WEAK = YES;
				CLANG_WARN_BLOCK_CAPTURE_AUTORELEASING = YES;
				CLANG_WARN_BOOL_CONVERSION = YES;
				CLANG_WARN_COMMA = YES;
				CLANG_WARN_CONSTANT_CONVERSION = YES;
				CLANG_WARN_DEPRECATED_OBJC_IMPLEMENTATIONS = YES;
				CLANG_WARN_DIRECT_OBJC_ISA_USAGE = YES_ERROR;
				CLANG_WARN_DOCUMENTATION_COMMENTS = YES;
				CLANG_WARN_EMPTY_BODY = YES;
				CLANG_WARN_ENUM_CONVERSION = YES;
				CLANG_WARN_INFINITE_RECURSION = YES;
				CLANG_WARN_INT_CONVERSION = YES;
				CLANG_WARN_NON_LITERAL_NULL_CONVERSION = YES;
				CLANG_WARN_OBJC_IMPLICIT_RETAIN_SELF = YES;
				CLANG_WARN_OBJC_LITERAL_CONVERSION = YES;
				CLANG_WARN_OBJC_ROOT_CLASS = YES_ERROR;
				CLANG_WARN_RANGE_LOOP_ANALYSIS = YES;
				CLANG_WARN_STRICT_PROTOTYPES = YES;
				CLANG_WARN_SUSPICIOUS_MOVE = YES;
				CLANG_WARN_UNGUARDED_AVAILABILITY = YES_AGGRESSIVE;
				CLANG_WARN_UNREACHABLE_CODE = YES;
				CLANG_WARN__DUPLICATE_METHOD_MATCH = YES;
				COPY_PHASE_STRIP = NO;
				DEBUG_INFORMATION_FORMAT = dwarf;
				ENABLE_STRICT_OBJC_MSGSEND = YES;
				ENABLE_TESTABILITY = YES;
				GCC_C_LANGUAGE_STANDARD = gnu11;
				GCC_DYNAMIC_NO_PIC = NO;
				GCC_NO_COMMON_BLOCKS = YES;
				GCC_OPTIMIZATION_LEVEL = 0;
				GCC_PREPROCESSOR_DEFINITIONS = (
					"DEBUG=1",
					"$(inherited)",
				);
				GCC_WARN_64_TO_32_BIT_CONVERSION = YES;
				GCC_WARN_ABOUT_RETURN_TYPE = YES_ERROR;
				GCC_WARN_UNDECLARED_SELECTOR = YES;
				GCC_WARN_UNINITIALIZED_AUTOS = YES_AGGRESSIVE;
				GCC_WARN_UNUSED_FUNCTION = YES;
				GCC_WARN_UNUSED_VARIABLE = YES;
				IPHONEOS_DEPLOYMENT_TARGET = 13.7;
				MTL_ENABLE_DEBUG_INFO = INCLUDE_SOURCE;
				MTL_FAST_MATH = YES;
				ONLY_ACTIVE_ARCH = YES;
				SDKROOT = iphoneos;
				SWIFT_ACTIVE_COMPILATION_CONDITIONS = DEBUG;
				SWIFT_OPTIMIZATION_LEVEL = "-Onone";
			};
			name = Debug;
		};
		DA2EBEEA2582691400D207EE /* Release */ = {
			isa = XCBuildConfiguration;
			buildSettings = {
				ALWAYS_SEARCH_USER_PATHS = NO;
				CLANG_ANALYZER_NONNULL = YES;
				CLANG_ANALYZER_NUMBER_OBJECT_CONVERSION = YES_AGGRESSIVE;
				CLANG_CXX_LANGUAGE_STANDARD = "gnu++14";
				CLANG_CXX_LIBRARY = "libc++";
				CLANG_ENABLE_MODULES = YES;
				CLANG_ENABLE_OBJC_ARC = YES;
				CLANG_ENABLE_OBJC_WEAK = YES;
				CLANG_WARN_BLOCK_CAPTURE_AUTORELEASING = YES;
				CLANG_WARN_BOOL_CONVERSION = YES;
				CLANG_WARN_COMMA = YES;
				CLANG_WARN_CONSTANT_CONVERSION = YES;
				CLANG_WARN_DEPRECATED_OBJC_IMPLEMENTATIONS = YES;
				CLANG_WARN_DIRECT_OBJC_ISA_USAGE = YES_ERROR;
				CLANG_WARN_DOCUMENTATION_COMMENTS = YES;
				CLANG_WARN_EMPTY_BODY = YES;
				CLANG_WARN_ENUM_CONVERSION = YES;
				CLANG_WARN_INFINITE_RECURSION = YES;
				CLANG_WARN_INT_CONVERSION = YES;
				CLANG_WARN_NON_LITERAL_NULL_CONVERSION = YES;
				CLANG_WARN_OBJC_IMPLICIT_RETAIN_SELF = YES;
				CLANG_WARN_OBJC_LITERAL_CONVERSION = YES;
				CLANG_WARN_OBJC_ROOT_CLASS = YES_ERROR;
				CLANG_WARN_RANGE_LOOP_ANALYSIS = YES;
				CLANG_WARN_STRICT_PROTOTYPES = YES;
				CLANG_WARN_SUSPICIOUS_MOVE = YES;
				CLANG_WARN_UNGUARDED_AVAILABILITY = YES_AGGRESSIVE;
				CLANG_WARN_UNREACHABLE_CODE = YES;
				CLANG_WARN__DUPLICATE_METHOD_MATCH = YES;
				COPY_PHASE_STRIP = NO;
				DEBUG_INFORMATION_FORMAT = "dwarf-with-dsym";
				ENABLE_NS_ASSERTIONS = NO;
				ENABLE_STRICT_OBJC_MSGSEND = YES;
				GCC_C_LANGUAGE_STANDARD = gnu11;
				GCC_NO_COMMON_BLOCKS = YES;
				GCC_WARN_64_TO_32_BIT_CONVERSION = YES;
				GCC_WARN_ABOUT_RETURN_TYPE = YES_ERROR;
				GCC_WARN_UNDECLARED_SELECTOR = YES;
				GCC_WARN_UNINITIALIZED_AUTOS = YES_AGGRESSIVE;
				GCC_WARN_UNUSED_FUNCTION = YES;
				GCC_WARN_UNUSED_VARIABLE = YES;
				IPHONEOS_DEPLOYMENT_TARGET = 13.7;
				MTL_ENABLE_DEBUG_INFO = NO;
				MTL_FAST_MATH = YES;
				SDKROOT = iphoneos;
				SWIFT_COMPILATION_MODE = wholemodule;
				SWIFT_OPTIMIZATION_LEVEL = "-O";
				VALIDATE_PRODUCT = YES;
			};
			name = Release;
		};
		DA2EBEEC2582691400D207EE /* Debug */ = {
			isa = XCBuildConfiguration;
			baseConfigurationReference = 06F911193A313A73A8A50003 /* Pods-EndTermTask.debug.xcconfig */;
			buildSettings = {
				ASSETCATALOG_COMPILER_APPICON_NAME = AppIcon;
				CODE_SIGN_STYLE = Automatic;
				INFOPLIST_FILE = EndTermTask/Info.plist;
				LD_RUNPATH_SEARCH_PATHS = (
					"$(inherited)",
					"@executable_path/Frameworks",
				);
				PRODUCT_BUNDLE_IDENTIFIER = iitu.EndTermTask;
				PRODUCT_NAME = "$(TARGET_NAME)";
				SWIFT_VERSION = 5.0;
				TARGETED_DEVICE_FAMILY = "1,2";
			};
			name = Debug;
		};
		DA2EBEED2582691400D207EE /* Release */ = {
			isa = XCBuildConfiguration;
			baseConfigurationReference = 4EF9A359205D1FE0F2713D7C /* Pods-EndTermTask.release.xcconfig */;
			buildSettings = {
				ASSETCATALOG_COMPILER_APPICON_NAME = AppIcon;
				CODE_SIGN_STYLE = Automatic;
				INFOPLIST_FILE = EndTermTask/Info.plist;
				LD_RUNPATH_SEARCH_PATHS = (
					"$(inherited)",
					"@executable_path/Frameworks",
				);
				PRODUCT_BUNDLE_IDENTIFIER = iitu.EndTermTask;
				PRODUCT_NAME = "$(TARGET_NAME)";
				SWIFT_VERSION = 5.0;
				TARGETED_DEVICE_FAMILY = "1,2";
			};
			name = Release;
		};
/* End XCBuildConfiguration section */

/* Begin XCConfigurationList section */
		DA2EBED22582691000D207EE /* Build configuration list for PBXProject "EndTermTask" */ = {
			isa = XCConfigurationList;
			buildConfigurations = (
				DA2EBEE92582691400D207EE /* Debug */,
				DA2EBEEA2582691400D207EE /* Release */,
			);
			defaultConfigurationIsVisible = 0;
			defaultConfigurationName = Release;
		};
		DA2EBEEB2582691400D207EE /* Build configuration list for PBXNativeTarget "EndTermTask" */ = {
			isa = XCConfigurationList;
			buildConfigurations = (
				DA2EBEEC2582691400D207EE /* Debug */,
				DA2EBEED2582691400D207EE /* Release */,
			);
			defaultConfigurationIsVisible = 0;
			defaultConfigurationName = Release;
		};
/* End XCConfigurationList section */
	};
	rootObject = DA2EBECF2582691000D207EE /* Project object */;
}
